
Microsoft Visual Studio Solution File, Format Version 12.00
# Visual Studio Version 17
VisualStudioVersion = 17.10.35013.160
MinimumVisualStudioVersion = 10.0.40219.1
Project("{FAE04EC0-301F-11D3-BF4B-00C04F79EFBC}") = "Application", "Application\Application.csproj", "{CED8CFDC-3DB7-47B3-89C4-986A13C04A6E}"
EndProject
Global
	GlobalSection(SolutionConfigurationPlatforms) = preSolution
		Debug|Any CPU = Debug|Any CPU
		Release|Any CPU = Release|Any CPU
	EndGlobalSection
	GlobalSection(ProjectConfigurationPlatforms) = postSolution
		{CED8CFDC-3DB7-47B3-89C4-986A13C04A6E}.Debug|Any CPU.ActiveCfg = Debug|Any CPU
		{CED8CFDC-3DB7-47B3-89C4-986A13C04A6E}.Debug|Any CPU.Build.0 = Debug|Any CPU
		{CED8CFDC-3DB7-47B3-89C4-986A13C04A6E}.Release|Any CPU.ActiveCfg = Release|Any CPU
		{CED8CFDC-3DB7-47B3-89C4-986A13C04A6E}.Release|Any CPU.Build.0 = Release|Any CPU
	EndGlobalSection
	GlobalSection(SolutionProperties) = preSolution
		HideSolutionNode = FALSE
	EndGlobalSection
	GlobalSection(ExtensibilityGlobals) = postSolution
		SolutionGuid = {7A4C977C-B28F-4909-8879-DC4579667683}
	EndGlobalSection
EndGlobal
